
Microsoft Visual Studio Solution File, Format Version 12.00
# Visual Studio Version 16
VisualStudioVersion = 16.0.30320.27
MinimumVisualStudioVersion = 10.0.40219.1
Project("{9A19103F-16F7-4668-BE54-9A1E7A4F7556}") = "ds_algo", "DS_Algo\ds_algo.csproj", "{40A3D7B4-FB68-487D-8C3B-8C73CF5D5BCF}"
EndProject
Global
	GlobalSection(SolutionConfigurationPlatforms) = preSolution
		Debug|Any CPU = Debug|Any CPU
		Release|Any CPU = Release|Any CPU
	EndGlobalSection
	GlobalSection(ProjectConfigurationPlatforms) = postSolution
		{40A3D7B4-FB68-487D-8C3B-8C73CF5D5BCF}.Debug|Any CPU.ActiveCfg = Debug|Any CPU
		{40A3D7B4-FB68-487D-8C3B-8C73CF5D5BCF}.Debug|Any CPU.Build.0 = Debug|Any CPU
		{40A3D7B4-FB68-487D-8C3B-8C73CF5D5BCF}.Release|Any CPU.ActiveCfg = Release|Any CPU
		{40A3D7B4-FB68-487D-8C3B-8C73CF5D5BCF}.Release|Any CPU.Build.0 = Release|Any CPU
	EndGlobalSection
	GlobalSection(SolutionProperties) = preSolution
		HideSolutionNode = FALSE
	EndGlobalSection
	GlobalSection(ExtensibilityGlobals) = postSolution
		SolutionGuid = {5405A252-0973-406E-B094-2105929D89B9}
	EndGlobalSection
EndGlobal
